
Microsoft Visual Studio Solution File, Format Version 12.00
# Visual Studio Version 17
VisualStudioVersion = 17.0.31903.59
MinimumVisualStudioVersion = 10.0.40219.1
Project("{2150E333-8FDC-42A3-9474-1A3956D46DE8}") = "src", "src", "{7C84DF44-CB69-4DB0-94DD-78759FC2E5EC}"
EndProject
Project("{2150E333-8FDC-42A3-9474-1A3956D46DE8}") = "API", "API", "{B8A2DD17-E08A-4852-812D-CE25FFA7C749}"
EndProject
Project("{FAE04EC0-301F-11D3-BF4B-00C04F79EFBC}") = "RealEstateAPI", "src\API\RealEstateAPI\RealEstateAPI.csproj", "{2E5800F5-46E6-4259-99C0-B48D9DF90DA3}"
EndProject
Project("{2150E333-8FDC-42A3-9474-1A3956D46DE8}") = "Core", "Core", "{12C52765-2562-41AA-ADE1-6812BFCD37DE}"
EndProject
Project("{2150E333-8FDC-42A3-9474-1A3956D46DE8}") = "test", "test", "{AB67DC4A-35A6-4113-B32E-5ED7DAB38A92}"
EndProject
Project("{2150E333-8FDC-42A3-9474-1A3956D46DE8}") = "Infrastructure", "Infrastructure", "{731A941B-233B-469A-AAC8-60C5254B4F40}"
EndProject
Project("{2150E333-8FDC-42A3-9474-1A3956D46DE8}") = "RealEstate.Domain", "RealEstate.Domain", "{E7FA75AD-999A-4F34-8DB6-615B5C9125E0}"
EndProject
Project("{2150E333-8FDC-42A3-9474-1A3956D46DE8}") = "RealEstate.Persistence", "RealEstate.Persistence", "{36C6B778-A41E-4392-83A3-96DF014EDBA8}"
EndProject
Project("{FAE04EC0-301F-11D3-BF4B-00C04F79EFBC}") = "RealEstate.Application", "src\Core\RealEstate.Application\RealEstate.Application.csproj", "{80B61F91-E2C0-42FC-AD28-CE9610467B53}"
EndProject
Project("{FAE04EC0-301F-11D3-BF4B-00C04F79EFBC}") = "RealEstate.Domain", "src\Core\RealEstate.Domain\RealEstate.Domain.csproj", "{9BF4ACD0-8C34-4105-9E86-173D5CF5215E}"
EndProject
Project("{FAE04EC0-301F-11D3-BF4B-00C04F79EFBC}") = "RealEstate.Persistence", "src\Infrastructure\RealEstate.Persistence\RealEstate.Persistence.csproj", "{BC9EF14D-D1CE-42B0-96CD-6619B40CD981}"
EndProject
Project("{FAE04EC0-301F-11D3-BF4B-00C04F79EFBC}") = "RealEstateAPI.Tests", "test\RealEstateAPI.Tests\RealEstateAPI.Tests.csproj", "{44D5A821-34EB-4861-A702-BF41237D5BD0}"
EndProject
Project("{2150E333-8FDC-42A3-9474-1A3956D46DE8}") = "RealEstateAPI.Tests", "RealEstateAPI.Tests", "{B5E70BD9-ADC0-46DA-998D-58219861C8DA}"
EndProject
Project("{2150E333-8FDC-42A3-9474-1A3956D46DE8}") = "RealEstate.Application.UnitTests", "RealEstate.Application.UnitTests", "{04368521-EDD8-4542-B4F8-15CA43A3CAC9}"
EndProject
Project("{FAE04EC0-301F-11D3-BF4B-00C04F79EFBC}") = "RealEstatet.Application.UnitTests", "test\RealEstatet.Application.UnitTests\RealEstatet.Application.UnitTests.csproj", "{0938C88D-C5A2-45DC-A8E0-8C77EE3D3057}"
EndProject
Project("{2150E333-8FDC-42A3-9474-1A3956D46DE8}") = "RealEstate.Application", "RealEstate.Application", "{B3BF2E9C-29B4-487D-9144-C4C11D456B4A}"
EndProject
Global
	GlobalSection(SolutionConfigurationPlatforms) = preSolution
		Debug|Any CPU = Debug|Any CPU
		Release|Any CPU = Release|Any CPU
	EndGlobalSection
	GlobalSection(SolutionProperties) = preSolution
		HideSolutionNode = FALSE
	EndGlobalSection
	GlobalSection(ProjectConfigurationPlatforms) = postSolution
		{2E5800F5-46E6-4259-99C0-B48D9DF90DA3}.Debug|Any CPU.ActiveCfg = Debug|Any CPU
		{2E5800F5-46E6-4259-99C0-B48D9DF90DA3}.Debug|Any CPU.Build.0 = Debug|Any CPU
		{2E5800F5-46E6-4259-99C0-B48D9DF90DA3}.Release|Any CPU.ActiveCfg = Release|Any CPU
		{2E5800F5-46E6-4259-99C0-B48D9DF90DA3}.Release|Any CPU.Build.0 = Release|Any CPU
		{80B61F91-E2C0-42FC-AD28-CE9610467B53}.Debug|Any CPU.ActiveCfg = Debug|Any CPU
		{80B61F91-E2C0-42FC-AD28-CE9610467B53}.Debug|Any CPU.Build.0 = Debug|Any CPU
		{80B61F91-E2C0-42FC-AD28-CE9610467B53}.Release|Any CPU.ActiveCfg = Release|Any CPU
		{80B61F91-E2C0-42FC-AD28-CE9610467B53}.Release|Any CPU.Build.0 = Release|Any CPU
		{9BF4ACD0-8C34-4105-9E86-173D5CF5215E}.Debug|Any CPU.ActiveCfg = Debug|Any CPU
		{9BF4ACD0-8C34-4105-9E86-173D5CF5215E}.Debug|Any CPU.Build.0 = Debug|Any CPU
		{9BF4ACD0-8C34-4105-9E86-173D5CF5215E}.Release|Any CPU.ActiveCfg = Release|Any CPU
		{9BF4ACD0-8C34-4105-9E86-173D5CF5215E}.Release|Any CPU.Build.0 = Release|Any CPU
		{BC9EF14D-D1CE-42B0-96CD-6619B40CD981}.Debug|Any CPU.ActiveCfg = Debug|Any CPU
		{BC9EF14D-D1CE-42B0-96CD-6619B40CD981}.Debug|Any CPU.Build.0 = Debug|Any CPU
		{BC9EF14D-D1CE-42B0-96CD-6619B40CD981}.Release|Any CPU.ActiveCfg = Release|Any CPU
		{BC9EF14D-D1CE-42B0-96CD-6619B40CD981}.Release|Any CPU.Build.0 = Release|Any CPU
		{A0EFE45D-CFC1-43F6-8E0A-AF87E440C885}.Debug|Any CPU.ActiveCfg = Debug|Any CPU
		{A0EFE45D-CFC1-43F6-8E0A-AF87E440C885}.Debug|Any CPU.Build.0 = Debug|Any CPU
		{A0EFE45D-CFC1-43F6-8E0A-AF87E440C885}.Release|Any CPU.ActiveCfg = Release|Any CPU
		{A0EFE45D-CFC1-43F6-8E0A-AF87E440C885}.Release|Any CPU.Build.0 = Release|Any CPU
		{44D5A821-34EB-4861-A702-BF41237D5BD0}.Debug|Any CPU.ActiveCfg = Debug|Any CPU
		{44D5A821-34EB-4861-A702-BF41237D5BD0}.Debug|Any CPU.Build.0 = Debug|Any CPU
		{44D5A821-34EB-4861-A702-BF41237D5BD0}.Release|Any CPU.ActiveCfg = Release|Any CPU
		{44D5A821-34EB-4861-A702-BF41237D5BD0}.Release|Any CPU.Build.0 = Release|Any CPU
		{0938C88D-C5A2-45DC-A8E0-8C77EE3D3057}.Debug|Any CPU.ActiveCfg = Debug|Any CPU
		{0938C88D-C5A2-45DC-A8E0-8C77EE3D3057}.Debug|Any CPU.Build.0 = Debug|Any CPU
		{0938C88D-C5A2-45DC-A8E0-8C77EE3D3057}.Release|Any CPU.ActiveCfg = Release|Any CPU
		{0938C88D-C5A2-45DC-A8E0-8C77EE3D3057}.Release|Any CPU.Build.0 = Release|Any CPU
	EndGlobalSection
	GlobalSection(NestedProjects) = preSolution
		{B8A2DD17-E08A-4852-812D-CE25FFA7C749} = {7C84DF44-CB69-4DB0-94DD-78759FC2E5EC}
		{2E5800F5-46E6-4259-99C0-B48D9DF90DA3} = {B8A2DD17-E08A-4852-812D-CE25FFA7C749}
		{12C52765-2562-41AA-ADE1-6812BFCD37DE} = {7C84DF44-CB69-4DB0-94DD-78759FC2E5EC}
		{731A941B-233B-469A-AAC8-60C5254B4F40} = {7C84DF44-CB69-4DB0-94DD-78759FC2E5EC}
		{E7FA75AD-999A-4F34-8DB6-615B5C9125E0} = {12C52765-2562-41AA-ADE1-6812BFCD37DE}
		{36C6B778-A41E-4392-83A3-96DF014EDBA8} = {731A941B-233B-469A-AAC8-60C5254B4F40}
		{80B61F91-E2C0-42FC-AD28-CE9610467B53} = {B3BF2E9C-29B4-487D-9144-C4C11D456B4A}
		{9BF4ACD0-8C34-4105-9E86-173D5CF5215E} = {E7FA75AD-999A-4F34-8DB6-615B5C9125E0}
		{BC9EF14D-D1CE-42B0-96CD-6619B40CD981} = {36C6B778-A41E-4392-83A3-96DF014EDBA8}
		{44D5A821-34EB-4861-A702-BF41237D5BD0} = {B5E70BD9-ADC0-46DA-998D-58219861C8DA}
		{B5E70BD9-ADC0-46DA-998D-58219861C8DA} = {AB67DC4A-35A6-4113-B32E-5ED7DAB38A92}
		{04368521-EDD8-4542-B4F8-15CA43A3CAC9} = {AB67DC4A-35A6-4113-B32E-5ED7DAB38A92}
		{0938C88D-C5A2-45DC-A8E0-8C77EE3D3057} = {04368521-EDD8-4542-B4F8-15CA43A3CAC9}
		{B3BF2E9C-29B4-487D-9144-C4C11D456B4A} = {12C52765-2562-41AA-ADE1-6812BFCD37DE}
	EndGlobalSection
EndGlobal
